// !$*UTF8*$!
{
	archiveVersion = 1;
	classes = {
	};
	objectVersion = 56;
	objects = {

/* Begin PBXBuildFile section */
		3A7F5C682A7BB90EE6BC9085 /* Pods_OpenWeather_MVVMTests.framework in Frameworks */ = {isa = PBXBuildFile; fileRef = D9D93888CC574842CCBB0DC8 /* Pods_OpenWeather_MVVMTests.framework */; };
		42B073B982A1671DDA13ED09 /* Pods_OpenWeather_MVVM.framework in Frameworks */ = {isa = PBXBuildFile; fileRef = 0ACDF488ED432596503269A4 /* Pods_OpenWeather_MVVM.framework */; };
		EB7778152A34EDDC0021906E /* CityTableViewCell.swift in Sources */ = {isa = PBXBuildFile; fileRef = EB7778132A34EDDC0021906E /* CityTableViewCell.swift */; };
		EB7778162A34EDDC0021906E /* CityTableViewCell.xib in Resources */ = {isa = PBXBuildFile; fileRef = EB7778142A34EDDC0021906E /* CityTableViewCell.xib */; };
		EB7778192A34F8FF0021906E /* UIImageViewExtension.swift in Sources */ = {isa = PBXBuildFile; fileRef = EB7778182A34F8FF0021906E /* UIImageViewExtension.swift */; };
		EBAACA842A34CBCA00743148 /* AppDelegate.swift in Sources */ = {isa = PBXBuildFile; fileRef = EBAACA832A34CBCA00743148 /* AppDelegate.swift */; };
		EBAACA862A34CBCA00743148 /* SceneDelegate.swift in Sources */ = {isa = PBXBuildFile; fileRef = EBAACA852A34CBCA00743148 /* SceneDelegate.swift */; };
		EBAACA882A34CBCA00743148 /* ListViewController.swift in Sources */ = {isa = PBXBuildFile; fileRef = EBAACA872A34CBCA00743148 /* ListViewController.swift */; };
		EBAACA8B2A34CBCA00743148 /* Main.storyboard in Resources */ = {isa = PBXBuildFile; fileRef = EBAACA892A34CBCA00743148 /* Main.storyboard */; };
		EBAACA902A34CBCB00743148 /* Assets.xcassets in Resources */ = {isa = PBXBuildFile; fileRef = EBAACA8F2A34CBCB00743148 /* Assets.xcassets */; };
		EBAACA932A34CBCB00743148 /* LaunchScreen.storyboard in Resources */ = {isa = PBXBuildFile; fileRef = EBAACA912A34CBCB00743148 /* LaunchScreen.storyboard */; };
		EBAACA9E2A34CBCB00743148 /* OpenWeather_MVVMTests.swift in Sources */ = {isa = PBXBuildFile; fileRef = EBAACA9D2A34CBCB00743148 /* OpenWeather_MVVMTests.swift */; };
		EBAACAB72A34CF2F00743148 /* ListViewModel.swift in Sources */ = {isa = PBXBuildFile; fileRef = EBAACAB62A34CF2F00743148 /* ListViewModel.swift */; };
		EBAACAB92A34D36900743148 /* NetworkManager.swift in Sources */ = {isa = PBXBuildFile; fileRef = EBAACAB82A34D36900743148 /* NetworkManager.swift */; };
		EBAACABB2A34D3C400743148 /* WeatherDetails.swift in Sources */ = {isa = PBXBuildFile; fileRef = EBAACABA2A34D3C400743148 /* WeatherDetails.swift */; };
/* End PBXBuildFile section */

/* Begin PBXContainerItemProxy section */
		EBAACA9A2A34CBCB00743148 /* PBXContainerItemProxy */ = {
			isa = PBXContainerItemProxy;
			containerPortal = EBAACA782A34CBCA00743148 /* Project object */;
			proxyType = 1;
			remoteGlobalIDString = EBAACA7F2A34CBCA00743148;
			remoteInfo = "OpenWeather-MVVM";
		};
/* End PBXContainerItemProxy section */

/* Begin PBXFileReference section */
		065981BAAB7415F5BE7B777B /* Pods-OpenWeather-MVVMTests.release.xcconfig */ = {isa = PBXFileReference; includeInIndex = 1; lastKnownFileType = text.xcconfig; name = "Pods-OpenWeather-MVVMTests.release.xcconfig"; path = "Target Support Files/Pods-OpenWeather-MVVMTests/Pods-OpenWeather-MVVMTests.release.xcconfig"; sourceTree = "<group>"; };
		0ACDF488ED432596503269A4 /* Pods_OpenWeather_MVVM.framework */ = {isa = PBXFileReference; explicitFileType = wrapper.framework; includeInIndex = 0; path = Pods_OpenWeather_MVVM.framework; sourceTree = BUILT_PRODUCTS_DIR; };
		18158C9D79D14AEBFEF58C50 /* Pods-OpenWeather-MVVMTests.debug.xcconfig */ = {isa = PBXFileReference; includeInIndex = 1; lastKnownFileType = text.xcconfig; name = "Pods-OpenWeather-MVVMTests.debug.xcconfig"; path = "Target Support Files/Pods-OpenWeather-MVVMTests/Pods-OpenWeather-MVVMTests.debug.xcconfig"; sourceTree = "<group>"; };
		48632D9783DEBB5446D822E0 /* Pods-OpenWeather-MVVM.debug.xcconfig */ = {isa = PBXFileReference; includeInIndex = 1; lastKnownFileType = text.xcconfig; name = "Pods-OpenWeather-MVVM.debug.xcconfig"; path = "Target Support Files/Pods-OpenWeather-MVVM/Pods-OpenWeather-MVVM.debug.xcconfig"; sourceTree = "<group>"; };
		4D01D22A02F97D39537DA5E3 /* Pods-OpenWeather-MVVM.release.xcconfig */ = {isa = PBXFileReference; includeInIndex = 1; lastKnownFileType = text.xcconfig; name = "Pods-OpenWeather-MVVM.release.xcconfig"; path = "Target Support Files/Pods-OpenWeather-MVVM/Pods-OpenWeather-MVVM.release.xcconfig"; sourceTree = "<group>"; };
		D9D93888CC574842CCBB0DC8 /* Pods_OpenWeather_MVVMTests.framework */ = {isa = PBXFileReference; explicitFileType = wrapper.framework; includeInIndex = 0; path = Pods_OpenWeather_MVVMTests.framework; sourceTree = BUILT_PRODUCTS_DIR; };
		EB7778132A34EDDC0021906E /* CityTableViewCell.swift */ = {isa = PBXFileReference; lastKnownFileType = sourcecode.swift; path = CityTableViewCell.swift; sourceTree = "<group>"; };
		EB7778142A34EDDC0021906E /* CityTableViewCell.xib */ = {isa = PBXFileReference; lastKnownFileType = file.xib; path = CityTableViewCell.xib; sourceTree = "<group>"; };
		EB7778182A34F8FF0021906E /* UIImageViewExtension.swift */ = {isa = PBXFileReference; lastKnownFileType = sourcecode.swift; path = UIImageViewExtension.swift; sourceTree = "<group>"; };
		EBAACA802A34CBCA00743148 /* OpenWeather-MVVM.app */ = {isa = PBXFileReference; explicitFileType = wrapper.application; includeInIndex = 0; path = "OpenWeather-MVVM.app"; sourceTree = BUILT_PRODUCTS_DIR; };
		EBAACA832A34CBCA00743148 /* AppDelegate.swift */ = {isa = PBXFileReference; lastKnownFileType = sourcecode.swift; path = AppDelegate.swift; sourceTree = "<group>"; };
		EBAACA852A34CBCA00743148 /* SceneDelegate.swift */ = {isa = PBXFileReference; lastKnownFileType = sourcecode.swift; path = SceneDelegate.swift; sourceTree = "<group>"; };
		EBAACA872A34CBCA00743148 /* ListViewController.swift */ = {isa = PBXFileReference; lastKnownFileType = sourcecode.swift; path = ListViewController.swift; sourceTree = "<group>"; };
		EBAACA8A2A34CBCA00743148 /* Base */ = {isa = PBXFileReference; lastKnownFileType = file.storyboard; name = Base; path = Base.lproj/Main.storyboard; sourceTree = "<group>"; };
		EBAACA8F2A34CBCB00743148 /* Assets.xcassets */ = {isa = PBXFileReference; lastKnownFileType = folder.assetcatalog; path = Assets.xcassets; sourceTree = "<group>"; };
		EBAACA922A34CBCB00743148 /* Base */ = {isa = PBXFileReference; lastKnownFileType = file.storyboard; name = Base; path = Base.lproj/LaunchScreen.storyboard; sourceTree = "<group>"; };
		EBAACA942A34CBCB00743148 /* Info.plist */ = {isa = PBXFileReference; lastKnownFileType = text.plist.xml; path = Info.plist; sourceTree = "<group>"; };
		EBAACA992A34CBCB00743148 /* OpenWeather-MVVMTests.xctest */ = {isa = PBXFileReference; explicitFileType = wrapper.cfbundle; includeInIndex = 0; path = "OpenWeather-MVVMTests.xctest"; sourceTree = BUILT_PRODUCTS_DIR; };
		EBAACA9D2A34CBCB00743148 /* OpenWeather_MVVMTests.swift */ = {isa = PBXFileReference; lastKnownFileType = sourcecode.swift; path = OpenWeather_MVVMTests.swift; sourceTree = "<group>"; };
		EBAACAB62A34CF2F00743148 /* ListViewModel.swift */ = {isa = PBXFileReference; lastKnownFileType = sourcecode.swift; path = ListViewModel.swift; sourceTree = "<group>"; };
		EBAACAB82A34D36900743148 /* NetworkManager.swift */ = {isa = PBXFileReference; lastKnownFileType = sourcecode.swift; path = NetworkManager.swift; sourceTree = "<group>"; };
		EBAACABA2A34D3C400743148 /* WeatherDetails.swift */ = {isa = PBXFileReference; lastKnownFileType = sourcecode.swift; path = WeatherDetails.swift; sourceTree = "<group>"; };
/* End PBXFileReference section */

/* Begin PBXFrameworksBuildPhase section */
		EBAACA7D2A34CBCA00743148 /* Frameworks */ = {
			isa = PBXFrameworksBuildPhase;
			buildActionMask = 2147483647;
			files = (
				42B073B982A1671DDA13ED09 /* Pods_OpenWeather_MVVM.framework in Frameworks */,
			);
			runOnlyForDeploymentPostprocessing = 0;
		};
		EBAACA962A34CBCB00743148 /* Frameworks */ = {
			isa = PBXFrameworksBuildPhase;
			buildActionMask = 2147483647;
			files = (
				3A7F5C682A7BB90EE6BC9085 /* Pods_OpenWeather_MVVMTests.framework in Frameworks */,
			);
			runOnlyForDeploymentPostprocessing = 0;
		};
/* End PBXFrameworksBuildPhase section */

/* Begin PBXGroup section */
		25604D78FF4D311D5A926D59 /* Pods */ = {
			isa = PBXGroup;
			children = (
				48632D9783DEBB5446D822E0 /* Pods-OpenWeather-MVVM.debug.xcconfig */,
				4D01D22A02F97D39537DA5E3 /* Pods-OpenWeather-MVVM.release.xcconfig */,
				18158C9D79D14AEBFEF58C50 /* Pods-OpenWeather-MVVMTests.debug.xcconfig */,
				065981BAAB7415F5BE7B777B /* Pods-OpenWeather-MVVMTests.release.xcconfig */,
			);
			path = Pods;
			sourceTree = "<group>";
		};
		758F585DA0A6C6A440AF0896 /* Frameworks */ = {
			isa = PBXGroup;
			children = (
				0ACDF488ED432596503269A4 /* Pods_OpenWeather_MVVM.framework */,
				D9D93888CC574842CCBB0DC8 /* Pods_OpenWeather_MVVMTests.framework */,
			);
			name = Frameworks;
			sourceTree = "<group>";
		};
		EB7778092A34E9CE0021906E /* UI */ = {
			isa = PBXGroup;
			children = (
				EBAACA892A34CBCA00743148 /* Main.storyboard */,
				EBAACA8F2A34CBCB00743148 /* Assets.xcassets */,
				EBAACA912A34CBCB00743148 /* LaunchScreen.storyboard */,
			);
			path = UI;
			sourceTree = "<group>";
		};
		EB77780A2A34E9D70021906E /* Common */ = {
			isa = PBXGroup;
			children = (
				EBAACA832A34CBCA00743148 /* AppDelegate.swift */,
				EBAACA852A34CBCA00743148 /* SceneDelegate.swift */,
				EB7778182A34F8FF0021906E /* UIImageViewExtension.swift */,
				EB77780E2A34EB820021906E /* Network */,
			);
			path = Common;
			sourceTree = "<group>";
		};
		EB77780B2A34E9DF0021906E /* ViewController */ = {
			isa = PBXGroup;
			children = (
				EBAACA872A34CBCA00743148 /* ListViewController.swift */,
				EB7778132A34EDDC0021906E /* CityTableViewCell.swift */,
				EB7778142A34EDDC0021906E /* CityTableViewCell.xib */,
			);
			path = ViewController;
			sourceTree = "<group>";
		};
		EB77780C2A34E9EA0021906E /* ViewModel */ = {
			isa = PBXGroup;
			children = (
				EBAACAB62A34CF2F00743148 /* ListViewModel.swift */,
			);
			path = ViewModel;
			sourceTree = "<group>";
		};
		EB77780D2A34E9F40021906E /* Model */ = {
			isa = PBXGroup;
			children = (
				EBAACABA2A34D3C400743148 /* WeatherDetails.swift */,
			);
			path = Model;
			sourceTree = "<group>";
		};
		EB77780E2A34EB820021906E /* Network */ = {
			isa = PBXGroup;
			children = (
				EBAACAB82A34D36900743148 /* NetworkManager.swift */,
			);
			path = Network;
			sourceTree = "<group>";
		};
		EBAACA772A34CBCA00743148 = {
			isa = PBXGroup;
			children = (
				EBAACA822A34CBCA00743148 /* OpenWeather-MVVM */,
				EBAACA9C2A34CBCB00743148 /* OpenWeather-MVVMTests */,
				EBAACA812A34CBCA00743148 /* Products */,
				25604D78FF4D311D5A926D59 /* Pods */,
				758F585DA0A6C6A440AF0896 /* Frameworks */,
			);
			sourceTree = "<group>";
		};
		EBAACA812A34CBCA00743148 /* Products */ = {
			isa = PBXGroup;
			children = (
				EBAACA802A34CBCA00743148 /* OpenWeather-MVVM.app */,
				EBAACA992A34CBCB00743148 /* OpenWeather-MVVMTests.xctest */,
			);
			name = Products;
			sourceTree = "<group>";
		};
		EBAACA822A34CBCA00743148 /* OpenWeather-MVVM */ = {
			isa = PBXGroup;
			children = (
				EB77780A2A34E9D70021906E /* Common */,
				EB77780B2A34E9DF0021906E /* ViewController */,
				EB77780C2A34E9EA0021906E /* ViewModel */,
				EB77780D2A34E9F40021906E /* Model */,
				EB7778092A34E9CE0021906E /* UI */,
				EBAACA942A34CBCB00743148 /* Info.plist */,
			);
			path = "OpenWeather-MVVM";
			sourceTree = "<group>";
		};
		EBAACA9C2A34CBCB00743148 /* OpenWeather-MVVMTests */ = {
			isa = PBXGroup;
			children = (
				EBAACA9D2A34CBCB00743148 /* OpenWeather_MVVMTests.swift */,
			);
			path = "OpenWeather-MVVMTests";
			sourceTree = "<group>";
		};
/* End PBXGroup section */

/* Begin PBXNativeTarget section */
		EBAACA7F2A34CBCA00743148 /* OpenWeather-MVVM */ = {
			isa = PBXNativeTarget;
			buildConfigurationList = EBAACAAD2A34CBCC00743148 /* Build configuration list for PBXNativeTarget "OpenWeather-MVVM" */;
			buildPhases = (
				DC43F87267C0A92891EC52F0 /* [CP] Check Pods Manifest.lock */,
				EBAACA7C2A34CBCA00743148 /* Sources */,
				EBAACA7D2A34CBCA00743148 /* Frameworks */,
				EBAACA7E2A34CBCA00743148 /* Resources */,
				99543C29B3CDDB3EFA14B8E1 /* [CP] Embed Pods Frameworks */,
			);
			buildRules = (
			);
			dependencies = (
			);
			name = "OpenWeather-MVVM";
			productName = "OpenWeather-MVVM";
			productReference = EBAACA802A34CBCA00743148 /* OpenWeather-MVVM.app */;
			productType = "com.apple.product-type.application";
		};
		EBAACA982A34CBCB00743148 /* OpenWeather-MVVMTests */ = {
			isa = PBXNativeTarget;
			buildConfigurationList = EBAACAB02A34CBCC00743148 /* Build configuration list for PBXNativeTarget "OpenWeather-MVVMTests" */;
			buildPhases = (
				2991803F2CF3340236DC5B94 /* [CP] Check Pods Manifest.lock */,
				EBAACA952A34CBCB00743148 /* Sources */,
				EBAACA962A34CBCB00743148 /* Frameworks */,
				EBAACA972A34CBCB00743148 /* Resources */,
			);
			buildRules = (
			);
			dependencies = (
				EBAACA9B2A34CBCB00743148 /* PBXTargetDependency */,
			);
			name = "OpenWeather-MVVMTests";
			productName = "OpenWeather-MVVMTests";
			productReference = EBAACA992A34CBCB00743148 /* OpenWeather-MVVMTests.xctest */;
			productType = "com.apple.product-type.bundle.unit-test";
		};
/* End PBXNativeTarget section */

/* Begin PBXProject section */
		EBAACA782A34CBCA00743148 /* Project object */ = {
			isa = PBXProject;
			attributes = {
				BuildIndependentTargetsInParallel = 1;
				LastSwiftUpdateCheck = 1420;
				LastUpgradeCheck = 1420;
				TargetAttributes = {
					EBAACA7F2A34CBCA00743148 = {
						CreatedOnToolsVersion = 14.2;
					};
					EBAACA982A34CBCB00743148 = {
						CreatedOnToolsVersion = 14.2;
						TestTargetID = EBAACA7F2A34CBCA00743148;
					};
				};
			};
			buildConfigurationList = EBAACA7B2A34CBCA00743148 /* Build configuration list for PBXProject "OpenWeather-MVVM" */;
			compatibilityVersion = "Xcode 14.0";
			developmentRegion = en;
			hasScannedForEncodings = 0;
			knownRegions = (
				en,
				Base,
			);
			mainGroup = EBAACA772A34CBCA00743148;
			productRefGroup = EBAACA812A34CBCA00743148 /* Products */;
			projectDirPath = "";
			projectRoot = "";
			targets = (
				EBAACA7F2A34CBCA00743148 /* OpenWeather-MVVM */,
				EBAACA982A34CBCB00743148 /* OpenWeather-MVVMTests */,
			);
		};
/* End PBXProject section */

/* Begin PBXResourcesBuildPhase section */
		EBAACA7E2A34CBCA00743148 /* Resources */ = {
			isa = PBXResourcesBuildPhase;
			buildActionMask = 2147483647;
			files = (
				EBAACA932A34CBCB00743148 /* LaunchScreen.storyboard in Resources */,
				EBAACA902A34CBCB00743148 /* Assets.xcassets in Resources */,
				EB7778162A34EDDC0021906E /* CityTableViewCell.xib in Resources */,
				EBAACA8B2A34CBCA00743148 /* Main.storyboard in Resources */,
			);
			runOnlyForDeploymentPostprocessing = 0;
		};
		EBAACA972A34CBCB00743148 /* Resources */ = {
			isa = PBXResourcesBuildPhase;
			buildActionMask = 2147483647;
			files = (
			);
			runOnlyForDeploymentPostprocessing = 0;
		};
/* End PBXResourcesBuildPhase section */

/* Begin PBXShellScriptBuildPhase section */
		2991803F2CF3340236DC5B94 /* [CP] Check Pods Manifest.lock */ = {
			isa = PBXShellScriptBuildPhase;
			buildActionMask = 2147483647;
			files = (
			);
			inputFileListPaths = (
			);
			inputPaths = (
				"${PODS_PODFILE_DIR_PATH}/Podfile.lock",
				"${PODS_ROOT}/Manifest.lock",
			);
			name = "[CP] Check Pods Manifest.lock";
			outputFileListPaths = (
			);
			outputPaths = (
				"$(DERIVED_FILE_DIR)/Pods-OpenWeather-MVVMTests-checkManifestLockResult.txt",
			);
			runOnlyForDeploymentPostprocessing = 0;
			shellPath = /bin/sh;
			shellScript = "diff \"${PODS_PODFILE_DIR_PATH}/Podfile.lock\" \"${PODS_ROOT}/Manifest.lock\" > /dev/null\nif [ $? != 0 ] ; then\n    # print error to STDERR\n    echo \"error: The sandbox is not in sync with the Podfile.lock. Run 'pod install' or update your CocoaPods installation.\" >&2\n    exit 1\nfi\n# This output is used by Xcode 'outputs' to avoid re-running this script phase.\necho \"SUCCESS\" > \"${SCRIPT_OUTPUT_FILE_0}\"\n";
			showEnvVarsInLog = 0;
		};
		99543C29B3CDDB3EFA14B8E1 /* [CP] Embed Pods Frameworks */ = {
			isa = PBXShellScriptBuildPhase;
			buildActionMask = 2147483647;
			files = (
			);
			inputFileListPaths = (
				"${PODS_ROOT}/Target Support Files/Pods-OpenWeather-MVVM/Pods-OpenWeather-MVVM-frameworks-${CONFIGURATION}-input-files.xcfilelist",
			);
			name = "[CP] Embed Pods Frameworks";
			outputFileListPaths = (
				"${PODS_ROOT}/Target Support Files/Pods-OpenWeather-MVVM/Pods-OpenWeather-MVVM-frameworks-${CONFIGURATION}-output-files.xcfilelist",
			);
			runOnlyForDeploymentPostprocessing = 0;
			shellPath = /bin/sh;
			shellScript = "\"${PODS_ROOT}/Target Support Files/Pods-OpenWeather-MVVM/Pods-OpenWeather-MVVM-frameworks.sh\"\n";
			showEnvVarsInLog = 0;
		};
		DC43F87267C0A92891EC52F0 /* [CP] Check Pods Manifest.lock */ = {
			isa = PBXShellScriptBuildPhase;
			buildActionMask = 2147483647;
			files = (
			);
			inputFileListPaths = (
			);
			inputPaths = (
				"${PODS_PODFILE_DIR_PATH}/Podfile.lock",
				"${PODS_ROOT}/Manifest.lock",
			);
			name = "[CP] Check Pods Manifest.lock";
			outputFileListPaths = (
			);
			outputPaths = (
				"$(DERIVED_FILE_DIR)/Pods-OpenWeather-MVVM-checkManifestLockResult.txt",
			);
			runOnlyForDeploymentPostprocessing = 0;
			shellPath = /bin/sh;
			shellScript = "diff \"${PODS_PODFILE_DIR_PATH}/Podfile.lock\" \"${PODS_ROOT}/Manifest.lock\" > /dev/null\nif [ $? != 0 ] ; then\n    # print error to STDERR\n    echo \"error: The sandbox is not in sync with the Podfile.lock. Run 'pod install' or update your CocoaPods installation.\" >&2\n    exit 1\nfi\n# This output is used by Xcode 'outputs' to avoid re-running this script phase.\necho \"SUCCESS\" > \"${SCRIPT_OUTPUT_FILE_0}\"\n";
			showEnvVarsInLog = 0;
		};
/* End PBXShellScriptBuildPhase section */

/* Begin PBXSourcesBuildPhase section */
		EBAACA7C2A34CBCA00743148 /* Sources */ = {
			isa = PBXSourcesBuildPhase;
			buildActionMask = 2147483647;
			files = (
				EBAACAB92A34D36900743148 /* NetworkManager.swift in Sources */,
				EBAACAB72A34CF2F00743148 /* ListViewModel.swift in Sources */,
				EBAACABB2A34D3C400743148 /* WeatherDetails.swift in Sources */,
				EBAACA882A34CBCA00743148 /* ListViewController.swift in Sources */,
				EB7778192A34F8FF0021906E /* UIImageViewExtension.swift in Sources */,
				EBAACA842A34CBCA00743148 /* AppDelegate.swift in Sources */,
				EB7778152A34EDDC0021906E /* CityTableViewCell.swift in Sources */,
				EBAACA862A34CBCA00743148 /* SceneDelegate.swift in Sources */,
			);
			runOnlyForDeploymentPostprocessing = 0;
		};
		EBAACA952A34CBCB00743148 /* Sources */ = {
			isa = PBXSourcesBuildPhase;
			buildActionMask = 2147483647;
			files = (
				EBAACA9E2A34CBCB00743148 /* OpenWeather_MVVMTests.swift in Sources */,
			);
			runOnlyForDeploymentPostprocessing = 0;
		};
/* End PBXSourcesBuildPhase section */

/* Begin PBXTargetDependency section */
		EBAACA9B2A34CBCB00743148 /* PBXTargetDependency */ = {
			isa = PBXTargetDependency;
			target = EBAACA7F2A34CBCA00743148 /* OpenWeather-MVVM */;
			targetProxy = EBAACA9A2A34CBCB00743148 /* PBXContainerItemProxy */;
		};
/* End PBXTargetDependency section */

/* Begin PBXVariantGroup section */
		EBAACA892A34CBCA00743148 /* Main.storyboard */ = {
			isa = PBXVariantGroup;
			children = (
				EBAACA8A2A34CBCA00743148 /* Base */,
			);
			name = Main.storyboard;
			sourceTree = "<group>";
		};
		EBAACA912A34CBCB00743148 /* LaunchScreen.storyboard */ = {
			isa = PBXVariantGroup;
			children = (
				EBAACA922A34CBCB00743148 /* Base */,
			);
			name = LaunchScreen.storyboard;
			sourceTree = "<group>";
		};
/* End PBXVariantGroup section */

/* Begin XCBuildConfiguration section */
		EBAACAAB2A34CBCC00743148 /* Debug */ = {
			isa = XCBuildConfiguration;
			buildSettings = {
				ALWAYS_SEARCH_USER_PATHS = NO;
				CLANG_ANALYZER_NONNULL = YES;
				CLANG_ANALYZER_NUMBER_OBJECT_CONVERSION = YES_AGGRESSIVE;
				CLANG_CXX_LANGUAGE_STANDARD = "gnu++20";
				CLANG_ENABLE_MODULES = YES;
				CLANG_ENABLE_OBJC_ARC = YES;
				CLANG_ENABLE_OBJC_WEAK = YES;
				CLANG_WARN_BLOCK_CAPTURE_AUTORELEASING = YES;
				CLANG_WARN_BOOL_CONVERSION = YES;
				CLANG_WARN_COMMA = YES;
				CLANG_WARN_CONSTANT_CONVERSION = YES;
				CLANG_WARN_DEPRECATED_OBJC_IMPLEMENTATIONS = YES;
				CLANG_WARN_DIRECT_OBJC_ISA_USAGE = YES_ERROR;
				CLANG_WARN_DOCUMENTATION_COMMENTS = YES;
				CLANG_WARN_EMPTY_BODY = YES;
				CLANG_WARN_ENUM_CONVERSION = YES;
				CLANG_WARN_INFINITE_RECURSION = YES;
				CLANG_WARN_INT_CONVERSION = YES;
				CLANG_WARN_NON_LITERAL_NULL_CONVERSION = YES;
				CLANG_WARN_OBJC_IMPLICIT_RETAIN_SELF = YES;
				CLANG_WARN_OBJC_LITERAL_CONVERSION = YES;
				CLANG_WARN_OBJC_ROOT_CLASS = YES_ERROR;
				CLANG_WARN_QUOTED_INCLUDE_IN_FRAMEWORK_HEADER = YES;
				CLANG_WARN_RANGE_LOOP_ANALYSIS = YES;
				CLANG_WARN_STRICT_PROTOTYPES = YES;
				CLANG_WARN_SUSPICIOUS_MOVE = YES;
				CLANG_WARN_UNGUARDED_AVAILABILITY = YES_AGGRESSIVE;
				CLANG_WARN_UNREACHABLE_CODE = YES;
				CLANG_WARN__DUPLICATE_METHOD_MATCH = YES;
				COPY_PHASE_STRIP = NO;
				DEBUG_INFORMATION_FORMAT = dwarf;
				ENABLE_STRICT_OBJC_MSGSEND = YES;
				ENABLE_TESTABILITY = YES;
				GCC_C_LANGUAGE_STANDARD = gnu11;
				GCC_DYNAMIC_NO_PIC = NO;
				GCC_NO_COMMON_BLOCKS = YES;
				GCC_OPTIMIZATION_LEVEL = 0;
				GCC_PREPROCESSOR_DEFINITIONS = (
					"DEBUG=1",
					"$(inherited)",
				);
				GCC_WARN_64_TO_32_BIT_CONVERSION = YES;
				GCC_WARN_ABOUT_RETURN_TYPE = YES_ERROR;
				GCC_WARN_UNDECLARED_SELECTOR = YES;
				GCC_WARN_UNINITIALIZED_AUTOS = YES_AGGRESSIVE;
				GCC_WARN_UNUSED_FUNCTION = YES;
				GCC_WARN_UNUSED_VARIABLE = YES;
				IPHONEOS_DEPLOYMENT_TARGET = 16.2;
				MTL_ENABLE_DEBUG_INFO = INCLUDE_SOURCE;
				MTL_FAST_MATH = YES;
				ONLY_ACTIVE_ARCH = YES;
				SDKROOT = iphoneos;
				SWIFT_ACTIVE_COMPILATION_CONDITIONS = DEBUG;
				SWIFT_OPTIMIZATION_LEVEL = "-Onone";
			};
			name = Debug;
		};
		EBAACAAC2A34CBCC00743148 /* Release */ = {
			isa = XCBuildConfiguration;
			buildSettings = {
				ALWAYS_SEARCH_USER_PATHS = NO;
				CLANG_ANALYZER_NONNULL = YES;
				CLANG_ANALYZER_NUMBER_OBJECT_CONVERSION = YES_AGGRESSIVE;
				CLANG_CXX_LANGUAGE_STANDARD = "gnu++20";
				CLANG_ENABLE_MODULES = YES;
				CLANG_ENABLE_OBJC_ARC = YES;
				CLANG_ENABLE_OBJC_WEAK = YES;
				CLANG_WARN_BLOCK_CAPTURE_AUTORELEASING = YES;
				CLANG_WARN_BOOL_CONVERSION = YES;
				CLANG_WARN_COMMA = YES;
				CLANG_WARN_CONSTANT_CONVERSION = YES;
				CLANG_WARN_DEPRECATED_OBJC_IMPLEMENTATIONS = YES;
				CLANG_WARN_DIRECT_OBJC_ISA_USAGE = YES_ERROR;
				CLANG_WARN_DOCUMENTATION_COMMENTS = YES;
				CLANG_WARN_EMPTY_BODY = YES;
				CLANG_WARN_ENUM_CONVERSION = YES;
				CLANG_WARN_INFINITE_RECURSION = YES;
				CLANG_WARN_INT_CONVERSION = YES;
				CLANG_WARN_NON_LITERAL_NULL_CONVERSION = YES;
				CLANG_WARN_OBJC_IMPLICIT_RETAIN_SELF = YES;
				CLANG_WARN_OBJC_LITERAL_CONVERSION = YES;
				CLANG_WARN_OBJC_ROOT_CLASS = YES_ERROR;
				CLANG_WARN_QUOTED_INCLUDE_IN_FRAMEWORK_HEADER = YES;
				CLANG_WARN_RANGE_LOOP_ANALYSIS = YES;
				CLANG_WARN_STRICT_PROTOTYPES = YES;
				CLANG_WARN_SUSPICIOUS_MOVE = YES;
				CLANG_WARN_UNGUARDED_AVAILABILITY = YES_AGGRESSIVE;
				CLANG_WARN_UNREACHABLE_CODE = YES;
				CLANG_WARN__DUPLICATE_METHOD_MATCH = YES;
				COPY_PHASE_STRIP = NO;
				DEBUG_INFORMATION_FORMAT = "dwarf-with-dsym";
				ENABLE_NS_ASSERTIONS = NO;
				ENABLE_STRICT_OBJC_MSGSEND = YES;
				GCC_C_LANGUAGE_STANDARD = gnu11;
				GCC_NO_COMMON_BLOCKS = YES;
				GCC_WARN_64_TO_32_BIT_CONVERSION = YES;
				GCC_WARN_ABOUT_RETURN_TYPE = YES_ERROR;
				GCC_WARN_UNDECLARED_SELECTOR = YES;
				GCC_WARN_UNINITIALIZED_AUTOS = YES_AGGRESSIVE;
				GCC_WARN_UNUSED_FUNCTION = YES;
				GCC_WARN_UNUSED_VARIABLE = YES;
				IPHONEOS_DEPLOYMENT_TARGET = 16.2;
				MTL_ENABLE_DEBUG_INFO = NO;
				MTL_FAST_MATH = YES;
				SDKROOT = iphoneos;
				SWIFT_COMPILATION_MODE = wholemodule;
				SWIFT_OPTIMIZATION_LEVEL = "-O";
				VALIDATE_PRODUCT = YES;
			};
			name = Release;
		};
		EBAACAAE2A34CBCC00743148 /* Debug */ = {
			isa = XCBuildConfiguration;
			baseConfigurationReference = 48632D9783DEBB5446D822E0 /* Pods-OpenWeather-MVVM.debug.xcconfig */;
			buildSettings = {
				ASSETCATALOG_COMPILER_APPICON_NAME = AppIcon;
				ASSETCATALOG_COMPILER_GLOBAL_ACCENT_COLOR_NAME = AccentColor;
				CODE_SIGN_STYLE = Automatic;
				CURRENT_PROJECT_VERSION = 1;
				GENERATE_INFOPLIST_FILE = YES;
				INFOPLIST_FILE = "OpenWeather-MVVM/Info.plist";
				INFOPLIST_KEY_UIApplicationSupportsIndirectInputEvents = YES;
				INFOPLIST_KEY_UILaunchStoryboardName = LaunchScreen;
				INFOPLIST_KEY_UIMainStoryboardFile = Main;
				INFOPLIST_KEY_UISupportedInterfaceOrientations_iPad = "UIInterfaceOrientationPortrait UIInterfaceOrientationPortraitUpsideDown UIInterfaceOrientationLandscapeLeft UIInterfaceOrientationLandscapeRight";
				INFOPLIST_KEY_UISupportedInterfaceOrientations_iPhone = "UIInterfaceOrientationPortrait UIInterfaceOrientationLandscapeLeft UIInterfaceOrientationLandscapeRight";
				LD_RUNPATH_SEARCH_PATHS = (
					"$(inherited)",
					"@executable_path/Frameworks",
				);
				MARKETING_VERSION = 1.0;
				PRODUCT_BUNDLE_IDENTIFIER = "com.prasad.OpenWeather-MVVM";
				PRODUCT_NAME = "$(TARGET_NAME)";
				SWIFT_EMIT_LOC_STRINGS = YES;
				SWIFT_VERSION = 5.0;
				TARGETED_DEVICE_FAMILY = "1,2";
			};
			name = Debug;
		};
		EBAACAAF2A34CBCC00743148 /* Release */ = {
			isa = XCBuildConfiguration;
			baseConfigurationReference = 4D01D22A02F97D39537DA5E3 /* Pods-OpenWeather-MVVM.release.xcconfig */;
			buildSettings = {
				ASSETCATALOG_COMPILER_APPICON_NAME = AppIcon;
				ASSETCATALOG_COMPILER_GLOBAL_ACCENT_COLOR_NAME = AccentColor;
				CODE_SIGN_STYLE = Automatic;
				CURRENT_PROJECT_VERSION = 1;
				GENERATE_INFOPLIST_FILE = YES;
				INFOPLIST_FILE = "OpenWeather-MVVM/Info.plist";
				INFOPLIST_KEY_UIApplicationSupportsIndirectInputEvents = YES;
				INFOPLIST_KEY_UILaunchStoryboardName = LaunchScreen;
				INFOPLIST_KEY_UIMainStoryboardFile = Main;
				INFOPLIST_KEY_UISupportedInterfaceOrientations_iPad = "UIInterfaceOrientationPortrait UIInterfaceOrientationPortraitUpsideDown UIInterfaceOrientationLandscapeLeft UIInterfaceOrientationLandscapeRight";
				INFOPLIST_KEY_UISupportedInterfaceOrientations_iPhone = "UIInterfaceOrientationPortrait UIInterfaceOrientationLandscapeLeft UIInterfaceOrientationLandscapeRight";
				LD_RUNPATH_SEARCH_PATHS = (
					"$(inherited)",
					"@executable_path/Frameworks",
				);
				MARKETING_VERSION = 1.0;
				PRODUCT_BUNDLE_IDENTIFIER = "com.prasad.OpenWeather-MVVM";
				PRODUCT_NAME = "$(TARGET_NAME)";
				SWIFT_EMIT_LOC_STRINGS = YES;
				SWIFT_VERSION = 5.0;
				TARGETED_DEVICE_FAMILY = "1,2";
			};
			name = Release;
		};
		EBAACAB12A34CBCC00743148 /* Debug */ = {
			isa = XCBuildConfiguration;
			baseConfigurationReference = 18158C9D79D14AEBFEF58C50 /* Pods-OpenWeather-MVVMTests.debug.xcconfig */;
			buildSettings = {
				ALWAYS_EMBED_SWIFT_STANDARD_LIBRARIES = YES;
				BUNDLE_LOADER = "$(TEST_HOST)";
				CODE_SIGN_STYLE = Automatic;
				CURRENT_PROJECT_VERSION = 1;
				GENERATE_INFOPLIST_FILE = YES;
				IPHONEOS_DEPLOYMENT_TARGET = 16.2;
				MARKETING_VERSION = 1.0;
				PRODUCT_BUNDLE_IDENTIFIER = "com.prasad.OpenWeather-MVVMTests";
				PRODUCT_NAME = "$(TARGET_NAME)";
				SWIFT_EMIT_LOC_STRINGS = NO;
				SWIFT_VERSION = 5.0;
				TARGETED_DEVICE_FAMILY = "1,2";
				TEST_HOST = "$(BUILT_PRODUCTS_DIR)/OpenWeather-MVVM.app/$(BUNDLE_EXECUTABLE_FOLDER_PATH)/OpenWeather-MVVM";
			};
			name = Debug;
		};
		EBAACAB22A34CBCC00743148 /* Release */ = {
			isa = XCBuildConfiguration;
			baseConfigurationReference = 065981BAAB7415F5BE7B777B /* Pods-OpenWeather-MVVMTests.release.xcconfig */;
			buildSettings = {
				ALWAYS_EMBED_SWIFT_STANDARD_LIBRARIES = YES;
				BUNDLE_LOADER = "$(TEST_HOST)";
				CODE_SIGN_STYLE = Automatic;
				CURRENT_PROJECT_VERSION = 1;
				GENERATE_INFOPLIST_FILE = YES;
				IPHONEOS_DEPLOYMENT_TARGET = 16.2;
				MARKETING_VERSION = 1.0;
				PRODUCT_BUNDLE_IDENTIFIER = "com.prasad.OpenWeather-MVVMTests";
				PRODUCT_NAME = "$(TARGET_NAME)";
				SWIFT_EMIT_LOC_STRINGS = NO;
				SWIFT_VERSION = 5.0;
				TARGETED_DEVICE_FAMILY = "1,2";
				TEST_HOST = "$(BUILT_PRODUCTS_DIR)/OpenWeather-MVVM.app/$(BUNDLE_EXECUTABLE_FOLDER_PATH)/OpenWeather-MVVM";
			};
			name = Release;
		};
/* End XCBuildConfiguration section */

/* Begin XCConfigurationList section */
		EBAACA7B2A34CBCA00743148 /* Build configuration list for PBXProject "OpenWeather-MVVM" */ = {
			isa = XCConfigurationList;
			buildConfigurations = (
				EBAACAAB2A34CBCC00743148 /* Debug */,
				EBAACAAC2A34CBCC00743148 /* Release */,
			);
			defaultConfigurationIsVisible = 0;
			defaultConfigurationName = Release;
		};
		EBAACAAD2A34CBCC00743148 /* Build configuration list for PBXNativeTarget "OpenWeather-MVVM" */ = {
			isa = XCConfigurationList;
			buildConfigurations = (
				EBAACAAE2A34CBCC00743148 /* Debug */,
				EBAACAAF2A34CBCC00743148 /* Release */,
			);
			defaultConfigurationIsVisible = 0;
			defaultConfigurationName = Release;
		};
		EBAACAB02A34CBCC00743148 /* Build configuration list for PBXNativeTarget "OpenWeather-MVVMTests" */ = {
			isa = XCConfigurationList;
			buildConfigurations = (
				EBAACAB12A34CBCC00743148 /* Debug */,
				EBAACAB22A34CBCC00743148 /* Release */,
			);
			defaultConfigurationIsVisible = 0;
			defaultConfigurationName = Release;
		};
/* End XCConfigurationList section */
	};
	rootObject = EBAACA782A34CBCA00743148 /* Project object */;
}
